
Microsoft Visual Studio Solution File, Format Version 12.00
# Visual Studio Version 16
VisualStudioVersion = 16.0.29123.88
MinimumVisualStudioVersion = 10.0.40219.1
Project("{FAE04EC0-301F-11D3-BF4B-00C04F79EFBC}") = "ConsoleApp_NewGit", "ConsoleApp_NewGit\ConsoleApp_NewGit.csproj", "{1893C08D-EA73-448D-A2D7-67EF4713EBDF}"
EndProject
Global
	GlobalSection(SolutionConfigurationPlatforms) = preSolution
		Debug|Any CPU = Debug|Any CPU
		Release|Any CPU = Release|Any CPU
	EndGlobalSection
	GlobalSection(ProjectConfigurationPlatforms) = postSolution
		{1893C08D-EA73-448D-A2D7-67EF4713EBDF}.Debug|Any CPU.ActiveCfg = Debug|Any CPU
		{1893C08D-EA73-448D-A2D7-67EF4713EBDF}.Debug|Any CPU.Build.0 = Debug|Any CPU
		{1893C08D-EA73-448D-A2D7-67EF4713EBDF}.Release|Any CPU.ActiveCfg = Release|Any CPU
		{1893C08D-EA73-448D-A2D7-67EF4713EBDF}.Release|Any CPU.Build.0 = Release|Any CPU
	EndGlobalSection
	GlobalSection(SolutionProperties) = preSolution
		HideSolutionNode = FALSE
	EndGlobalSection
	GlobalSection(ExtensibilityGlobals) = postSolution
		SolutionGuid = {8461E8D1-CAA6-40A7-B34D-DCE3FEA4250A}
	EndGlobalSection
EndGlobal
